
Microsoft Visual Studio Solution File, Format Version 12.00
# Visual Studio Version 16
VisualStudioVersion = 16.0.29613.14
MinimumVisualStudioVersion = 10.0.40219.1
Project("{8BC9CEB8-8B4A-11D0-8D11-00A0C91BC942}") = "001-HelloWorld", "001-HelloWorld\001-HelloWorld.vcxproj", "{6537375F-E493-40D8-A8A8-D4109F7C502F}"
EndProject
Project("{8BC9CEB8-8B4A-11D0-8D11-00A0C91BC942}") = "002-Types", "002-Types\002-Types.vcxproj", "{9E86A191-289D-4B18-A236-EC2AFBA37506}"
EndProject
Project("{8BC9CEB8-8B4A-11D0-8D11-00A0C91BC942}") = "003-Operators", "003-Operators\003-Operators.vcxproj", "{CCF5755C-413D-40C3-A674-37C7026BC6D7}"
EndProject
Project("{8BC9CEB8-8B4A-11D0-8D11-00A0C91BC942}") = "004-Booleans", "004-Booleans\004-Booleans.vcxproj", "{1FFF3012-2B83-4B81-A42B-BCDFD3A383C6}"
EndProject
Project("{8BC9CEB8-8B4A-11D0-8D11-00A0C91BC942}") = "005-Conditions", "005-Conditions\005-Conditions.vcxproj", "{3B0EA0E1-BF0A-48C5-8563-223C7DC5A8DC}"
EndProject
Project("{8BC9CEB8-8B4A-11D0-8D11-00A0C91BC942}") = "006-Loops", "006-Loops\006-Loops.vcxproj", "{B299113D-C795-416B-8396-61965670B3C7}"
EndProject
Project("{8BC9CEB8-8B4A-11D0-8D11-00A0C91BC942}") = "007-Switch", "007-Switch\007-Switch.vcxproj", "{4D253DF3-3935-4284-A1AA-8E85190D3702}"
EndProject
Project("{8BC9CEB8-8B4A-11D0-8D11-00A0C91BC942}") = "008-Functions", "008-Functions\008-Functions.vcxproj", "{6DFF8878-1592-4967-88BF-2BE378A64BA3}"
EndProject
Project("{8BC9CEB8-8B4A-11D0-8D11-00A0C91BC942}") = "009-Calculator", "009-Calculator\009-Calculator.vcxproj", "{E472615E-60EC-4416-AFDA-2E6505160000}"
EndProject
Project("{8BC9CEB8-8B4A-11D0-8D11-00A0C91BC942}") = "010-Arrays", "010-Arrays\010-Arrays.vcxproj", "{6E9ACDAE-832F-4FC7-BE00-EF3BFED547E6}"
EndProject
Project("{8BC9CEB8-8B4A-11D0-8D11-00A0C91BC942}") = "011-Enums", "011-Enums\011-Enums.vcxproj", "{945981E9-ED75-46BB-8676-B67F1280F132}"
EndProject
Project("{8BC9CEB8-8B4A-11D0-8D11-00A0C91BC942}") = "012-CharArray", "012-CharArray\012-CharArray.vcxproj", "{2EEBFA7D-A389-41E6-8372-E3B02C5E000C}"
EndProject
Project("{8BC9CEB8-8B4A-11D0-8D11-00A0C91BC942}") = "013-String", "013-String\013-String.vcxproj", "{0FE56CD1-6FA1-403E-9F24-49E7E128346B}"
EndProject
Project("{8BC9CEB8-8B4A-11D0-8D11-00A0C91BC942}") = "014-Palindrome", "014-Palindrome\014-Palindrome.vcxproj", "{D30F0F97-330E-41FE-867F-EE4C8076EF3D}"
EndProject
Project("{8BC9CEB8-8B4A-11D0-8D11-00A0C91BC942}") = "015-Vectors", "015-Vectors\015-Vectors.vcxproj", "{1CEC5622-1E58-4A9E-8F9A-713EFD509D15}"
EndProject
Project("{8BC9CEB8-8B4A-11D0-8D11-00A0C91BC942}") = "016-Maps", "016-Maps\016-Maps.vcxproj", "{A67AB6B2-986D-4813-9E05-E40302EC9013}"
EndProject
Project("{8BC9CEB8-8B4A-11D0-8D11-00A0C91BC942}") = "017-Ofstream", "017-Ofstream\017-Ofstream.vcxproj", "{8ED070F7-F698-4299-8A74-36CDA32C4FF3}"
EndProject
Project("{8BC9CEB8-8B4A-11D0-8D11-00A0C91BC942}") = "018-Ifstream", "018-Ifstream\018-Ifstream.vcxproj", "{A0AEA4D1-6D73-4A0E-8D3C-3F3FD32D0D4D}"
EndProject
Project("{8BC9CEB8-8B4A-11D0-8D11-00A0C91BC942}") = "019-Pointers", "019-Pointers\019-Pointers.vcxproj", "{178B0734-3507-4D36-8B37-BC8255153144}"
EndProject
Project("{8BC9CEB8-8B4A-11D0-8D11-00A0C91BC942}") = "020-Exceptions", "020-Exceptions\020-Exceptions.vcxproj", "{36F5AFAB-2876-4F45-9EAD-B21DBA67F4D5}"
EndProject
Project("{8BC9CEB8-8B4A-11D0-8D11-00A0C91BC942}") = "021-POO", "021-POO\021-POO.vcxproj", "{7BADC1DD-BC32-4372-9621-730B95375BB0}"
EndProject
Project("{8BC9CEB8-8B4A-11D0-8D11-00A0C91BC942}") = "022-Project_PosTerminal", "022-Project_PosTerminal\022-Project_PosTerminal.vcxproj", "{51F26E3D-D4CC-4012-A54F-F98860C9A132}"
EndProject
Global
	GlobalSection(SolutionConfigurationPlatforms) = preSolution
		Debug|x64 = Debug|x64
		Debug|x86 = Debug|x86
		Release|x64 = Release|x64
		Release|x86 = Release|x86
	EndGlobalSection
	GlobalSection(ProjectConfigurationPlatforms) = postSolution
		{6537375F-E493-40D8-A8A8-D4109F7C502F}.Debug|x64.ActiveCfg = Debug|x64
		{6537375F-E493-40D8-A8A8-D4109F7C502F}.Debug|x64.Build.0 = Debug|x64
		{6537375F-E493-40D8-A8A8-D4109F7C502F}.Debug|x86.ActiveCfg = Debug|Win32
		{6537375F-E493-40D8-A8A8-D4109F7C502F}.Debug|x86.Build.0 = Debug|Win32
		{6537375F-E493-40D8-A8A8-D4109F7C502F}.Release|x64.ActiveCfg = Release|x64
		{6537375F-E493-40D8-A8A8-D4109F7C502F}.Release|x64.Build.0 = Release|x64
		{6537375F-E493-40D8-A8A8-D4109F7C502F}.Release|x86.ActiveCfg = Release|Win32
		{6537375F-E493-40D8-A8A8-D4109F7C502F}.Release|x86.Build.0 = Release|Win32
		{9E86A191-289D-4B18-A236-EC2AFBA37506}.Debug|x64.ActiveCfg = Debug|x64
		{9E86A191-289D-4B18-A236-EC2AFBA37506}.Debug|x64.Build.0 = Debug|x64
		{9E86A191-289D-4B18-A236-EC2AFBA37506}.Debug|x86.ActiveCfg = Debug|Win32
		{9E86A191-289D-4B18-A236-EC2AFBA37506}.Debug|x86.Build.0 = Debug|Win32
		{9E86A191-289D-4B18-A236-EC2AFBA37506}.Release|x64.ActiveCfg = Release|x64
		{9E86A191-289D-4B18-A236-EC2AFBA37506}.Release|x64.Build.0 = Release|x64
		{9E86A191-289D-4B18-A236-EC2AFBA37506}.Release|x86.ActiveCfg = Release|Win32
		{9E86A191-289D-4B18-A236-EC2AFBA37506}.Release|x86.Build.0 = Release|Win32
		{CCF5755C-413D-40C3-A674-37C7026BC6D7}.Debug|x64.ActiveCfg = Debug|x64
		{CCF5755C-413D-40C3-A674-37C7026BC6D7}.Debug|x64.Build.0 = Debug|x64
		{CCF5755C-413D-40C3-A674-37C7026BC6D7}.Debug|x86.ActiveCfg = Debug|Win32
		{CCF5755C-413D-40C3-A674-37C7026BC6D7}.Debug|x86.Build.0 = Debug|Win32
		{CCF5755C-413D-40C3-A674-37C7026BC6D7}.Release|x64.ActiveCfg = Release|x64
		{CCF5755C-413D-40C3-A674-37C7026BC6D7}.Release|x64.Build.0 = Release|x64
		{CCF5755C-413D-40C3-A674-37C7026BC6D7}.Release|x86.ActiveCfg = Release|Win32
		{CCF5755C-413D-40C3-A674-37C7026BC6D7}.Release|x86.Build.0 = Release|Win32
		{1FFF3012-2B83-4B81-A42B-BCDFD3A383C6}.Debug|x64.ActiveCfg = Debug|x64
		{1FFF3012-2B83-4B81-A42B-BCDFD3A383C6}.Debug|x64.Build.0 = Debug|x64
		{1FFF3012-2B83-4B81-A42B-BCDFD3A383C6}.Debug|x86.ActiveCfg = Debug|Win32
		{1FFF3012-2B83-4B81-A42B-BCDFD3A383C6}.Debug|x86.Build.0 = Debug|Win32
		{1FFF3012-2B83-4B81-A42B-BCDFD3A383C6}.Release|x64.ActiveCfg = Release|x64
		{1FFF3012-2B83-4B81-A42B-BCDFD3A383C6}.Release|x64.Build.0 = Release|x64
		{1FFF3012-2B83-4B81-A42B-BCDFD3A383C6}.Release|x86.ActiveCfg = Release|Win32
		{1FFF3012-2B83-4B81-A42B-BCDFD3A383C6}.Release|x86.Build.0 = Release|Win32
		{3B0EA0E1-BF0A-48C5-8563-223C7DC5A8DC}.Debug|x64.ActiveCfg = Debug|x64
		{3B0EA0E1-BF0A-48C5-8563-223C7DC5A8DC}.Debug|x64.Build.0 = Debug|x64
		{3B0EA0E1-BF0A-48C5-8563-223C7DC5A8DC}.Debug|x86.ActiveCfg = Debug|Win32
		{3B0EA0E1-BF0A-48C5-8563-223C7DC5A8DC}.Debug|x86.Build.0 = Debug|Win32
		{3B0EA0E1-BF0A-48C5-8563-223C7DC5A8DC}.Release|x64.ActiveCfg = Release|x64
		{3B0EA0E1-BF0A-48C5-8563-223C7DC5A8DC}.Release|x64.Build.0 = Release|x64
		{3B0EA0E1-BF0A-48C5-8563-223C7DC5A8DC}.Release|x86.ActiveCfg = Release|Win32
		{3B0EA0E1-BF0A-48C5-8563-223C7DC5A8DC}.Release|x86.Build.0 = Release|Win32
		{B299113D-C795-416B-8396-61965670B3C7}.Debug|x64.ActiveCfg = Debug|x64
		{B299113D-C795-416B-8396-61965670B3C7}.Debug|x64.Build.0 = Debug|x64
		{B299113D-C795-416B-8396-61965670B3C7}.Debug|x86.ActiveCfg = Debug|Win32
		{B299113D-C795-416B-8396-61965670B3C7}.Debug|x86.Build.0 = Debug|Win32
		{B299113D-C795-416B-8396-61965670B3C7}.Release|x64.ActiveCfg = Release|x64
		{B299113D-C795-416B-8396-61965670B3C7}.Release|x64.Build.0 = Release|x64
		{B299113D-C795-416B-8396-61965670B3C7}.Release|x86.ActiveCfg = Release|Win32
		{B299113D-C795-416B-8396-61965670B3C7}.Release|x86.Build.0 = Release|Win32
		{4D253DF3-3935-4284-A1AA-8E85190D3702}.Debug|x64.ActiveCfg = Debug|x64
		{4D253DF3-3935-4284-A1AA-8E85190D3702}.Debug|x64.Build.0 = Debug|x64
		{4D253DF3-3935-4284-A1AA-8E85190D3702}.Debug|x86.ActiveCfg = Debug|Win32
		{4D253DF3-3935-4284-A1AA-8E85190D3702}.Debug|x86.Build.0 = Debug|Win32
		{4D253DF3-3935-4284-A1AA-8E85190D3702}.Release|x64.ActiveCfg = Release|x64
		{4D253DF3-3935-4284-A1AA-8E85190D3702}.Release|x64.Build.0 = Release|x64
		{4D253DF3-3935-4284-A1AA-8E85190D3702}.Release|x86.ActiveCfg = Release|Win32
		{4D253DF3-3935-4284-A1AA-8E85190D3702}.Release|x86.Build.0 = Release|Win32
		{6DFF8878-1592-4967-88BF-2BE378A64BA3}.Debug|x64.ActiveCfg = Debug|x64
		{6DFF8878-1592-4967-88BF-2BE378A64BA3}.Debug|x64.Build.0 = Debug|x64
		{6DFF8878-1592-4967-88BF-2BE378A64BA3}.Debug|x86.ActiveCfg = Debug|Win32
		{6DFF8878-1592-4967-88BF-2BE378A64BA3}.Debug|x86.Build.0 = Debug|Win32
		{6DFF8878-1592-4967-88BF-2BE378A64BA3}.Release|x64.ActiveCfg = Release|x64
		{6DFF8878-1592-4967-88BF-2BE378A64BA3}.Release|x64.Build.0 = Release|x64
		{6DFF8878-1592-4967-88BF-2BE378A64BA3}.Release|x86.ActiveCfg = Release|Win32
		{6DFF8878-1592-4967-88BF-2BE378A64BA3}.Release|x86.Build.0 = Release|Win32
		{E472615E-60EC-4416-AFDA-2E6505160000}.Debug|x64.ActiveCfg = Debug|x64
		{E472615E-60EC-4416-AFDA-2E6505160000}.Debug|x64.Build.0 = Debug|x64
		{E472615E-60EC-4416-AFDA-2E6505160000}.Debug|x86.ActiveCfg = Debug|Win32
		{E472615E-60EC-4416-AFDA-2E6505160000}.Debug|x86.Build.0 = Debug|Win32
		{E472615E-60EC-4416-AFDA-2E6505160000}.Release|x64.ActiveCfg = Release|x64
		{E472615E-60EC-4416-AFDA-2E6505160000}.Release|x64.Build.0 = Release|x64
		{E472615E-60EC-4416-AFDA-2E6505160000}.Release|x86.ActiveCfg = Release|Win32
		{E472615E-60EC-4416-AFDA-2E6505160000}.Release|x86.Build.0 = Release|Win32
		{6E9ACDAE-832F-4FC7-BE00-EF3BFED547E6}.Debug|x64.ActiveCfg = Debug|x64
		{6E9ACDAE-832F-4FC7-BE00-EF3BFED547E6}.Debug|x64.Build.0 = Debug|x64
		{6E9ACDAE-832F-4FC7-BE00-EF3BFED547E6}.Debug|x86.ActiveCfg = Debug|Win32
		{6E9ACDAE-832F-4FC7-BE00-EF3BFED547E6}.Debug|x86.Build.0 = Debug|Win32
		{6E9ACDAE-832F-4FC7-BE00-EF3BFED547E6}.Release|x64.ActiveCfg = Release|x64
		{6E9ACDAE-832F-4FC7-BE00-EF3BFED547E6}.Release|x64.Build.0 = Release|x64
		{6E9ACDAE-832F-4FC7-BE00-EF3BFED547E6}.Release|x86.ActiveCfg = Release|Win32
		{6E9ACDAE-832F-4FC7-BE00-EF3BFED547E6}.Release|x86.Build.0 = Release|Win32
		{945981E9-ED75-46BB-8676-B67F1280F132}.Debug|x64.ActiveCfg = Debug|x64
		{945981E9-ED75-46BB-8676-B67F1280F132}.Debug|x64.Build.0 = Debug|x64
		{945981E9-ED75-46BB-8676-B67F1280F132}.Debug|x86.ActiveCfg = Debug|Win32
		{945981E9-ED75-46BB-8676-B67F1280F132}.Debug|x86.Build.0 = Debug|Win32
		{945981E9-ED75-46BB-8676-B67F1280F132}.Release|x64.ActiveCfg = Release|x64
		{945981E9-ED75-46BB-8676-B67F1280F132}.Release|x64.Build.0 = Release|x64
		{945981E9-ED75-46BB-8676-B67F1280F132}.Release|x86.ActiveCfg = Release|Win32
		{945981E9-ED75-46BB-8676-B67F1280F132}.Release|x86.Build.0 = Release|Win32
		{2EEBFA7D-A389-41E6-8372-E3B02C5E000C}.Debug|x64.ActiveCfg = Debug|x64
		{2EEBFA7D-A389-41E6-8372-E3B02C5E000C}.Debug|x64.Build.0 = Debug|x64
		{2EEBFA7D-A389-41E6-8372-E3B02C5E000C}.Debug|x86.ActiveCfg = Debug|Win32
		{2EEBFA7D-A389-41E6-8372-E3B02C5E000C}.Debug|x86.Build.0 = Debug|Win32
		{2EEBFA7D-A389-41E6-8372-E3B02C5E000C}.Release|x64.ActiveCfg = Release|x64
		{2EEBFA7D-A389-41E6-8372-E3B02C5E000C}.Release|x64.Build.0 = Release|x64
		{2EEBFA7D-A389-41E6-8372-E3B02C5E000C}.Release|x86.ActiveCfg = Release|Win32
		{2EEBFA7D-A389-41E6-8372-E3B02C5E000C}.Release|x86.Build.0 = Release|Win32
		{0FE56CD1-6FA1-403E-9F24-49E7E128346B}.Debug|x64.ActiveCfg = Debug|x64
		{0FE56CD1-6FA1-403E-9F24-49E7E128346B}.Debug|x64.Build.0 = Debug|x64
		{0FE56CD1-6FA1-403E-9F24-49E7E128346B}.Debug|x86.ActiveCfg = Debug|Win32
		{0FE56CD1-6FA1-403E-9F24-49E7E128346B}.Debug|x86.Build.0 = Debug|Win32
		{0FE56CD1-6FA1-403E-9F24-49E7E128346B}.Release|x64.ActiveCfg = Release|x64
		{0FE56CD1-6FA1-403E-9F24-49E7E128346B}.Release|x64.Build.0 = Release|x64
		{0FE56CD1-6FA1-403E-9F24-49E7E128346B}.Release|x86.ActiveCfg = Release|Win32
		{0FE56CD1-6FA1-403E-9F24-49E7E128346B}.Release|x86.Build.0 = Release|Win32
		{D30F0F97-330E-41FE-867F-EE4C8076EF3D}.Debug|x64.ActiveCfg = Debug|x64
		{D30F0F97-330E-41FE-867F-EE4C8076EF3D}.Debug|x64.Build.0 = Debug|x64
		{D30F0F97-330E-41FE-867F-EE4C8076EF3D}.Debug|x86.ActiveCfg = Debug|Win32
		{D30F0F97-330E-41FE-867F-EE4C8076EF3D}.Debug|x86.Build.0 = Debug|Win32
		{D30F0F97-330E-41FE-867F-EE4C8076EF3D}.Release|x64.ActiveCfg = Release|x64
		{D30F0F97-330E-41FE-867F-EE4C8076EF3D}.Release|x64.Build.0 = Release|x64
		{D30F0F97-330E-41FE-867F-EE4C8076EF3D}.Release|x86.ActiveCfg = Release|Win32
		{D30F0F97-330E-41FE-867F-EE4C8076EF3D}.Release|x86.Build.0 = Release|Win32
		{1CEC5622-1E58-4A9E-8F9A-713EFD509D15}.Debug|x64.ActiveCfg = Debug|x64
		{1CEC5622-1E58-4A9E-8F9A-713EFD509D15}.Debug|x64.Build.0 = Debug|x64
		{1CEC5622-1E58-4A9E-8F9A-713EFD509D15}.Debug|x86.ActiveCfg = Debug|Win32
		{1CEC5622-1E58-4A9E-8F9A-713EFD509D15}.Debug|x86.Build.0 = Debug|Win32
		{1CEC5622-1E58-4A9E-8F9A-713EFD509D15}.Release|x64.ActiveCfg = Release|x64
		{1CEC5622-1E58-4A9E-8F9A-713EFD509D15}.Release|x64.Build.0 = Release|x64
		{1CEC5622-1E58-4A9E-8F9A-713EFD509D15}.Release|x86.ActiveCfg = Release|Win32
		{1CEC5622-1E58-4A9E-8F9A-713EFD509D15}.Release|x86.Build.0 = Release|Win32
		{A67AB6B2-986D-4813-9E05-E40302EC9013}.Debug|x64.ActiveCfg = Debug|x64
		{A67AB6B2-986D-4813-9E05-E40302EC9013}.Debug|x64.Build.0 = Debug|x64
		{A67AB6B2-986D-4813-9E05-E40302EC9013}.Debug|x86.ActiveCfg = Debug|Win32
		{A67AB6B2-986D-4813-9E05-E40302EC9013}.Debug|x86.Build.0 = Debug|Win32
		{A67AB6B2-986D-4813-9E05-E40302EC9013}.Release|x64.ActiveCfg = Release|x64
		{A67AB6B2-986D-4813-9E05-E40302EC9013}.Release|x64.Build.0 = Release|x64
		{A67AB6B2-986D-4813-9E05-E40302EC9013}.Release|x86.ActiveCfg = Release|Win32
		{A67AB6B2-986D-4813-9E05-E40302EC9013}.Release|x86.Build.0 = Release|Win32
		{8ED070F7-F698-4299-8A74-36CDA32C4FF3}.Debug|x64.ActiveCfg = Debug|x64
		{8ED070F7-F698-4299-8A74-36CDA32C4FF3}.Debug|x64.Build.0 = Debug|x64
		{8ED070F7-F698-4299-8A74-36CDA32C4FF3}.Debug|x86.ActiveCfg = Debug|Win32
		{8ED070F7-F698-4299-8A74-36CDA32C4FF3}.Debug|x86.Build.0 = Debug|Win32
		{8ED070F7-F698-4299-8A74-36CDA32C4FF3}.Release|x64.ActiveCfg = Release|x64
		{8ED070F7-F698-4299-8A74-36CDA32C4FF3}.Release|x64.Build.0 = Release|x64
		{8ED070F7-F698-4299-8A74-36CDA32C4FF3}.Release|x86.ActiveCfg = Release|Win32
		{8ED070F7-F698-4299-8A74-36CDA32C4FF3}.Release|x86.Build.0 = Release|Win32
		{A0AEA4D1-6D73-4A0E-8D3C-3F3FD32D0D4D}.Debug|x64.ActiveCfg = Debug|x64
		{A0AEA4D1-6D73-4A0E-8D3C-3F3FD32D0D4D}.Debug|x64.Build.0 = Debug|x64
		{A0AEA4D1-6D73-4A0E-8D3C-3F3FD32D0D4D}.Debug|x86.ActiveCfg = Debug|Win32
		{A0AEA4D1-6D73-4A0E-8D3C-3F3FD32D0D4D}.Debug|x86.Build.0 = Debug|Win32
		{A0AEA4D1-6D73-4A0E-8D3C-3F3FD32D0D4D}.Release|x64.ActiveCfg = Release|x64
		{A0AEA4D1-6D73-4A0E-8D3C-3F3FD32D0D4D}.Release|x64.Build.0 = Release|x64
		{A0AEA4D1-6D73-4A0E-8D3C-3F3FD32D0D4D}.Release|x86.ActiveCfg = Release|Win32
		{A0AEA4D1-6D73-4A0E-8D3C-3F3FD32D0D4D}.Release|x86.Build.0 = Release|Win32
		{178B0734-3507-4D36-8B37-BC8255153144}.Debug|x64.ActiveCfg = Debug|x64
		{178B0734-3507-4D36-8B37-BC8255153144}.Debug|x64.Build.0 = Debug|x64
		{178B0734-3507-4D36-8B37-BC8255153144}.Debug|x86.ActiveCfg = Debug|Win32
		{178B0734-3507-4D36-8B37-BC8255153144}.Debug|x86.Build.0 = Debug|Win32
		{178B0734-3507-4D36-8B37-BC8255153144}.Release|x64.ActiveCfg = Release|x64
		{178B0734-3507-4D36-8B37-BC8255153144}.Release|x64.Build.0 = Release|x64
		{178B0734-3507-4D36-8B37-BC8255153144}.Release|x86.ActiveCfg = Release|Win32
		{178B0734-3507-4D36-8B37-BC8255153144}.Release|x86.Build.0 = Release|Win32
		{36F5AFAB-2876-4F45-9EAD-B21DBA67F4D5}.Debug|x64.ActiveCfg = Debug|x64
		{36F5AFAB-2876-4F45-9EAD-B21DBA67F4D5}.Debug|x64.Build.0 = Debug|x64
		{36F5AFAB-2876-4F45-9EAD-B21DBA67F4D5}.Debug|x86.ActiveCfg = Debug|Win32
		{36F5AFAB-2876-4F45-9EAD-B21DBA67F4D5}.Debug|x86.Build.0 = Debug|Win32
		{36F5AFAB-2876-4F45-9EAD-B21DBA67F4D5}.Release|x64.ActiveCfg = Release|x64
		{36F5AFAB-2876-4F45-9EAD-B21DBA67F4D5}.Release|x64.Build.0 = Release|x64
		{36F5AFAB-2876-4F45-9EAD-B21DBA67F4D5}.Release|x86.ActiveCfg = Release|Win32
		{36F5AFAB-2876-4F45-9EAD-B21DBA67F4D5}.Release|x86.Build.0 = Release|Win32
		{7BADC1DD-BC32-4372-9621-730B95375BB0}.Debug|x64.ActiveCfg = Debug|x64
		{7BADC1DD-BC32-4372-9621-730B95375BB0}.Debug|x64.Build.0 = Debug|x64
		{7BADC1DD-BC32-4372-9621-730B95375BB0}.Debug|x86.ActiveCfg = Debug|Win32
		{7BADC1DD-BC32-4372-9621-730B95375BB0}.Debug|x86.Build.0 = Debug|Win32
		{7BADC1DD-BC32-4372-9621-730B95375BB0}.Release|x64.ActiveCfg = Release|x64
		{7BADC1DD-BC32-4372-9621-730B95375BB0}.Release|x64.Build.0 = Release|x64
		{7BADC1DD-BC32-4372-9621-730B95375BB0}.Release|x86.ActiveCfg = Release|Win32
		{7BADC1DD-BC32-4372-9621-730B95375BB0}.Release|x86.Build.0 = Release|Win32
		{51F26E3D-D4CC-4012-A54F-F98860C9A132}.Debug|x64.ActiveCfg = Debug|x64
		{51F26E3D-D4CC-4012-A54F-F98860C9A132}.Debug|x64.Build.0 = Debug|x64
		{51F26E3D-D4CC-4012-A54F-F98860C9A132}.Debug|x86.ActiveCfg = Debug|Win32
		{51F26E3D-D4CC-4012-A54F-F98860C9A132}.Debug|x86.Build.0 = Debug|Win32
		{51F26E3D-D4CC-4012-A54F-F98860C9A132}.Release|x64.ActiveCfg = Release|x64
		{51F26E3D-D4CC-4012-A54F-F98860C9A132}.Release|x64.Build.0 = Release|x64
		{51F26E3D-D4CC-4012-A54F-F98860C9A132}.Release|x86.ActiveCfg = Release|Win32
		{51F26E3D-D4CC-4012-A54F-F98860C9A132}.Release|x86.Build.0 = Release|Win32
	EndGlobalSection
	GlobalSection(SolutionProperties) = preSolution
		HideSolutionNode = FALSE
	EndGlobalSection
	GlobalSection(ExtensibilityGlobals) = postSolution
		SolutionGuid = {C68E4452-E570-4683-A052-2FDA05C54369}
	EndGlobalSection
EndGlobal
